
Microsoft Visual Studio Solution File, Format Version 12.00
# Visual Studio 15
VisualStudioVersion = 15.0.26228.4
MinimumVisualStudioVersion = 10.0.40219.1
Project("{2150E333-8FDC-42A3-9474-1A3956D46DE8}") = "src", "src", "{B878A6BD-830B-4C4E-B077-F6C492D5B5E1}"
EndProject
Project("{2150E333-8FDC-42A3-9474-1A3956D46DE8}") = "Solution Items", "Solution Items", "{8940BB5F-E6F5-4180-902E-586C25DEECA3}"
	ProjectSection(SolutionItems) = preProject
		LICENSE.md = LICENSE.md
		README.md = README.md
	EndProjectSection
EndProject
Project("{9A19103F-16F7-4668-BE54-9A1E7A4F7556}") = "PdfRpt.Core", "src\PdfRpt.Core\PdfRpt.Core.csproj", "{948A6F42-82FE-473D-94CE-4668A126C3BF}"
EndProject
Project("{9A19103F-16F7-4668-BE54-9A1E7A4F7556}") = "PdfRpt.Core.FunctionalTests", "src\PdfRpt.Core.FunctionalTests\PdfRpt.Core.FunctionalTests.csproj", "{099A85D6-E41D-4BA9-85F2-F3A714C651B8}"
EndProject
Project("{FAE04EC0-301F-11D3-BF4B-00C04F79EFBC}") = "PdfRpt.Core.SampleWebApp", "PdfRpt.Core.SampleWebApp\PdfRpt.Core.SampleWebApp.csproj", "{C7C1938E-DB5E-49DB-95F7-472E1094F748}"
EndProject
Global
	GlobalSection(SolutionConfigurationPlatforms) = preSolution
		Debug|Any CPU = Debug|Any CPU
		Release|Any CPU = Release|Any CPU
	EndGlobalSection
	GlobalSection(ProjectConfigurationPlatforms) = postSolution
		{948A6F42-82FE-473D-94CE-4668A126C3BF}.Debug|Any CPU.ActiveCfg = Debug|Any CPU
		{948A6F42-82FE-473D-94CE-4668A126C3BF}.Debug|Any CPU.Build.0 = Debug|Any CPU
		{948A6F42-82FE-473D-94CE-4668A126C3BF}.Release|Any CPU.ActiveCfg = Release|Any CPU
		{948A6F42-82FE-473D-94CE-4668A126C3BF}.Release|Any CPU.Build.0 = Release|Any CPU
		{099A85D6-E41D-4BA9-85F2-F3A714C651B8}.Debug|Any CPU.ActiveCfg = Debug|Any CPU
		{099A85D6-E41D-4BA9-85F2-F3A714C651B8}.Debug|Any CPU.Build.0 = Debug|Any CPU
		{099A85D6-E41D-4BA9-85F2-F3A714C651B8}.Release|Any CPU.ActiveCfg = Release|Any CPU
		{099A85D6-E41D-4BA9-85F2-F3A714C651B8}.Release|Any CPU.Build.0 = Release|Any CPU
		{C7C1938E-DB5E-49DB-95F7-472E1094F748}.Debug|Any CPU.ActiveCfg = Debug|Any CPU
		{C7C1938E-DB5E-49DB-95F7-472E1094F748}.Debug|Any CPU.Build.0 = Debug|Any CPU
		{C7C1938E-DB5E-49DB-95F7-472E1094F748}.Release|Any CPU.ActiveCfg = Release|Any CPU
		{C7C1938E-DB5E-49DB-95F7-472E1094F748}.Release|Any CPU.Build.0 = Release|Any CPU
	EndGlobalSection
	GlobalSection(SolutionProperties) = preSolution
		HideSolutionNode = FALSE
	EndGlobalSection
	GlobalSection(NestedProjects) = preSolution
		{948A6F42-82FE-473D-94CE-4668A126C3BF} = {B878A6BD-830B-4C4E-B077-F6C492D5B5E1}
		{099A85D6-E41D-4BA9-85F2-F3A714C651B8} = {B878A6BD-830B-4C4E-B077-F6C492D5B5E1}
		{C7C1938E-DB5E-49DB-95F7-472E1094F748} = {B878A6BD-830B-4C4E-B077-F6C492D5B5E1}
	EndGlobalSection
EndGlobal
