
Microsoft Visual Studio Solution File, Format Version 12.00
# Visual Studio 15
VisualStudioVersion = 15.0.26124.0
MinimumVisualStudioVersion = 15.0.26124.0
Project("{2150E333-8FDC-42A3-9474-1A3956D46DE8}") = "src", "src", "{024559C4-A1C6-4E9F-942D-89B6C8ECB2C9}"
EndProject
Project("{FAE04EC0-301F-11D3-BF4B-00C04F79EFBC}") = "PdfRpt.Core", "src\PdfRpt.Core\PdfRpt.Core.csproj", "{A6F5FC09-BCF8-4B80-B815-50E69CDE5DB9}"
EndProject
Project("{FAE04EC0-301F-11D3-BF4B-00C04F79EFBC}") = "PdfRpt.Core.FunctionalTests", "src\PdfRpt.Core.FunctionalTests\PdfRpt.Core.FunctionalTests.csproj", "{32623B1B-A806-4866-ACD1-8137C6627F0C}"
EndProject
Project("{FAE04EC0-301F-11D3-BF4B-00C04F79EFBC}") = "PdfRpt.Core.SampleWebApp", "PdfRpt.Core.SampleWebApp\PdfRpt.Core.SampleWebApp.csproj", "{99A6109B-CD3D-47BF-B71A-0F05533041B9}"
EndProject
Global
	GlobalSection(SolutionConfigurationPlatforms) = preSolution
		Debug|Any CPU = Debug|Any CPU
		Debug|x64 = Debug|x64
		Debug|x86 = Debug|x86
		Release|Any CPU = Release|Any CPU
		Release|x64 = Release|x64
		Release|x86 = Release|x86
	EndGlobalSection
	GlobalSection(SolutionProperties) = preSolution
		HideSolutionNode = FALSE
	EndGlobalSection
	GlobalSection(ProjectConfigurationPlatforms) = postSolution
		{A6F5FC09-BCF8-4B80-B815-50E69CDE5DB9}.Debug|Any CPU.ActiveCfg = Debug|Any CPU
		{A6F5FC09-BCF8-4B80-B815-50E69CDE5DB9}.Debug|Any CPU.Build.0 = Debug|Any CPU
		{A6F5FC09-BCF8-4B80-B815-50E69CDE5DB9}.Debug|x64.ActiveCfg = Debug|Any CPU
		{A6F5FC09-BCF8-4B80-B815-50E69CDE5DB9}.Debug|x64.Build.0 = Debug|Any CPU
		{A6F5FC09-BCF8-4B80-B815-50E69CDE5DB9}.Debug|x86.ActiveCfg = Debug|Any CPU
		{A6F5FC09-BCF8-4B80-B815-50E69CDE5DB9}.Debug|x86.Build.0 = Debug|Any CPU
		{A6F5FC09-BCF8-4B80-B815-50E69CDE5DB9}.Release|Any CPU.ActiveCfg = Release|Any CPU
		{A6F5FC09-BCF8-4B80-B815-50E69CDE5DB9}.Release|Any CPU.Build.0 = Release|Any CPU
		{A6F5FC09-BCF8-4B80-B815-50E69CDE5DB9}.Release|x64.ActiveCfg = Release|Any CPU
		{A6F5FC09-BCF8-4B80-B815-50E69CDE5DB9}.Release|x64.Build.0 = Release|Any CPU
		{A6F5FC09-BCF8-4B80-B815-50E69CDE5DB9}.Release|x86.ActiveCfg = Release|Any CPU
		{A6F5FC09-BCF8-4B80-B815-50E69CDE5DB9}.Release|x86.Build.0 = Release|Any CPU
		{32623B1B-A806-4866-ACD1-8137C6627F0C}.Debug|Any CPU.ActiveCfg = Debug|Any CPU
		{32623B1B-A806-4866-ACD1-8137C6627F0C}.Debug|Any CPU.Build.0 = Debug|Any CPU
		{32623B1B-A806-4866-ACD1-8137C6627F0C}.Debug|x64.ActiveCfg = Debug|Any CPU
		{32623B1B-A806-4866-ACD1-8137C6627F0C}.Debug|x64.Build.0 = Debug|Any CPU
		{32623B1B-A806-4866-ACD1-8137C6627F0C}.Debug|x86.ActiveCfg = Debug|Any CPU
		{32623B1B-A806-4866-ACD1-8137C6627F0C}.Debug|x86.Build.0 = Debug|Any CPU
		{32623B1B-A806-4866-ACD1-8137C6627F0C}.Release|Any CPU.ActiveCfg = Release|Any CPU
		{32623B1B-A806-4866-ACD1-8137C6627F0C}.Release|Any CPU.Build.0 = Release|Any CPU
		{32623B1B-A806-4866-ACD1-8137C6627F0C}.Release|x64.ActiveCfg = Release|Any CPU
		{32623B1B-A806-4866-ACD1-8137C6627F0C}.Release|x64.Build.0 = Release|Any CPU
		{32623B1B-A806-4866-ACD1-8137C6627F0C}.Release|x86.ActiveCfg = Release|Any CPU
		{32623B1B-A806-4866-ACD1-8137C6627F0C}.Release|x86.Build.0 = Release|Any CPU
		{99A6109B-CD3D-47BF-B71A-0F05533041B9}.Debug|Any CPU.ActiveCfg = Debug|Any CPU
		{99A6109B-CD3D-47BF-B71A-0F05533041B9}.Debug|Any CPU.Build.0 = Debug|Any CPU
		{99A6109B-CD3D-47BF-B71A-0F05533041B9}.Debug|x64.ActiveCfg = Debug|Any CPU
		{99A6109B-CD3D-47BF-B71A-0F05533041B9}.Debug|x64.Build.0 = Debug|Any CPU
		{99A6109B-CD3D-47BF-B71A-0F05533041B9}.Debug|x86.ActiveCfg = Debug|Any CPU
		{99A6109B-CD3D-47BF-B71A-0F05533041B9}.Debug|x86.Build.0 = Debug|Any CPU
		{99A6109B-CD3D-47BF-B71A-0F05533041B9}.Release|Any CPU.ActiveCfg = Release|Any CPU
		{99A6109B-CD3D-47BF-B71A-0F05533041B9}.Release|Any CPU.Build.0 = Release|Any CPU
		{99A6109B-CD3D-47BF-B71A-0F05533041B9}.Release|x64.ActiveCfg = Release|Any CPU
		{99A6109B-CD3D-47BF-B71A-0F05533041B9}.Release|x64.Build.0 = Release|Any CPU
		{99A6109B-CD3D-47BF-B71A-0F05533041B9}.Release|x86.ActiveCfg = Release|Any CPU
		{99A6109B-CD3D-47BF-B71A-0F05533041B9}.Release|x86.Build.0 = Release|Any CPU
	EndGlobalSection
	GlobalSection(NestedProjects) = preSolution
		{A6F5FC09-BCF8-4B80-B815-50E69CDE5DB9} = {024559C4-A1C6-4E9F-942D-89B6C8ECB2C9}
		{32623B1B-A806-4866-ACD1-8137C6627F0C} = {024559C4-A1C6-4E9F-942D-89B6C8ECB2C9}
	EndGlobalSection
EndGlobal
